{
  "name": "favorite-icon-dot",
  "version": "1.2.0",
  "lockfileVersion": 3,
  "requires": true,
  "packages": {
    "": {
      "name": "favorite-icon-dot",
      "version": "1.2.0",
      "license": "MIT",
      "devDependencies": {
        "favorite-icon": "^1.1.0"
      }
    },
    "node_modules/favorite-icon": {
      "version": "1.1.0",
      "resolved": "https://registry.npmjs.org/favorite-icon/-/favorite-icon-1.1.0.tgz",
      "integrity": "sha512-XVSS6Soe+pP/H6RP34qYAk6ZN8b6sotIsBC4eBc9WOK3Lp/fsSGNtMqdF8z4ecjfneUx1RwqpbQZqQMQwqFF+A==",
      "dev": true,
      "license": "MIT"
    }
  }
}
