{
  "name": "favorite-icon-video",
  "version": "2.1.0",
  "lockfileVersion": 3,
  "requires": true,
  "packages": {
    "": {
      "name": "favorite-icon-video",
      "version": "2.1.0",
      "license": "MIT",
      "devDependencies": {
        "favorite-icon": "^1.0.0"
      }
    },
    "node_modules/favorite-icon": {
      "version": "1.0.0",
      "resolved": "https://registry.npmjs.org/favorite-icon/-/favorite-icon-1.0.0.tgz",
      "integrity": "sha512-p5KK4sx8NSFj+Af7N3ZLbG2rVCsbt8rRqlYT2G2jTrAV81nD2IuDhK90tvC9FdLTpyELsMLdiNeC1hRyMg8l8g==",
      "dev": true,
      "license": "MIT"
    }
  }
}
