{
  "name": "favorite-icon-emoji",
  "version": "1.1.0",
  "lockfileVersion": 3,
  "requires": true,
  "packages": {
    "": {
      "name": "favorite-icon-emoji",
      "version": "1.1.0",
      "license": "MIT",
      "devDependencies": {
        "favorite-icon": "^1.0.1"
      }
    },
    "node_modules/favorite-icon": {
      "version": "1.0.1",
      "resolved": "https://registry.npmjs.org/favorite-icon/-/favorite-icon-1.0.1.tgz",
      "integrity": "sha512-/+Rv7iuyP4OtR8tZ3TcmqRZWwgLIxSltLXh53dsk3Zd5eE8Mr6eO2MJMPcyUbwHgqZ3XxL3umECqDiaJnQ/NWA==",
      "dev": true,
      "license": "MIT"
    }
  }
}
